
Microsoft Visual Studio Solution File, Format Version 12.00
# Visual Studio 2017
Project("{FAE04EC0-301F-11D3-BF4B-00C04F79EFBC}") = "OrbIt", "OrbIt.csproj", "{72A485D7-2957-D00A-0CD6-94534118272E}"
EndProject
Global
	GlobalSection(SolutionConfigurationPlatforms) = preSolution
		Debug|Any CPU = Debug|Any CPU
		Release|Any CPU = Release|Any CPU
	EndGlobalSection
	GlobalSection(ProjectConfigurationPlatforms) = postSolution
		{72A485D7-2957-D00A-0CD6-94534118272E}.Debug|Any CPU.ActiveCfg = Debug|Any CPU
		{72A485D7-2957-D00A-0CD6-94534118272E}.Debug|Any CPU.Build.0 = Debug|Any CPU
		{72A485D7-2957-D00A-0CD6-94534118272E}.Release|Any CPU.ActiveCfg = Release|Any CPU
		{72A485D7-2957-D00A-0CD6-94534118272E}.Release|Any CPU.Build.0 = Release|Any CPU
	EndGlobalSection
	GlobalSection(SolutionProperties) = preSolution
		HideSolutionNode = FALSE
	EndGlobalSection
EndGlobal
